
Microsoft Visual Studio Solution File, Format Version 12.00
# Visual Studio Version 17
VisualStudioVersion = 17.8.34525.116
MinimumVisualStudioVersion = 10.0.40219.1
Project("{9A19103F-16F7-4668-BE54-9A1E7A4F7556}") = "Restoran", "Restoran\Restoran.csproj", "{6C275E4F-C81B-4B72-B2CA-A6A9F560DD87}"
EndProject
Global
	GlobalSection(SolutionConfigurationPlatforms) = preSolution
		Debug|Any CPU = Debug|Any CPU
		Release|Any CPU = Release|Any CPU
	EndGlobalSection
	GlobalSection(ProjectConfigurationPlatforms) = postSolution
		{6C275E4F-C81B-4B72-B2CA-A6A9F560DD87}.Debug|Any CPU.ActiveCfg = Debug|Any CPU
		{6C275E4F-C81B-4B72-B2CA-A6A9F560DD87}.Debug|Any CPU.Build.0 = Debug|Any CPU
		{6C275E4F-C81B-4B72-B2CA-A6A9F560DD87}.Release|Any CPU.ActiveCfg = Release|Any CPU
		{6C275E4F-C81B-4B72-B2CA-A6A9F560DD87}.Release|Any CPU.Build.0 = Release|Any CPU
	EndGlobalSection
	GlobalSection(SolutionProperties) = preSolution
		HideSolutionNode = FALSE
	EndGlobalSection
	GlobalSection(ExtensibilityGlobals) = postSolution
		SolutionGuid = {A1E4A76C-B0C3-4435-B19A-B06FFA69C146}
	EndGlobalSection
EndGlobal
